
Microsoft Visual Studio Solution File, Format Version 12.00
# Visual Studio 15
VisualStudioVersion = 15.0.28307.902
MinimumVisualStudioVersion = 10.0.40219.1
Project("{FAE04EC0-301F-11D3-BF4B-00C04F79EFBC}") = "WebApi", "WebApi\WebApi.csproj", "{C5B3B188-54A3-4D24-AF87-05A0ABE49BCC}"
EndProject
Project("{FAE04EC0-301F-11D3-BF4B-00C04F79EFBC}") = "WebApi自定义路由", "WebApi自定义路由\WebApi自定义路由.csproj", "{A19E11AA-4ABD-46A2-AD51-4A955FB826B5}"
EndProject
Project("{FAE04EC0-301F-11D3-BF4B-00C04F79EFBC}") = "WebApi返回值", "WebApi返回值\WebApi返回值.csproj", "{821DF414-512F-462B-B6D9-92D2C67D8054}"
EndProject
Project("{FAE04EC0-301F-11D3-BF4B-00C04F79EFBC}") = "WebApi多版本管理_使用的不同的域名", "WebApi版本控制1\WebApi多版本管理_使用的不同的域名.csproj", "{EA938B88-3B33-43FA-B1D8-D5A8DAF17850}"
EndProject
Project("{FAE04EC0-301F-11D3-BF4B-00C04F79EFBC}") = "WebApi多版本管理_IHttpControllerSelector", "WebApi多版本管理_IHttpControllerSelector\WebApi多版本管理_IHttpControllerSelector.csproj", "{F6880DC8-68CA-4292-898E-2EBC370D6CD9}"
EndProject
Project("{FAE04EC0-301F-11D3-BF4B-00C04F79EFBC}") = "WebApiFilter", "WebApiFilter\WebApiFilter.csproj", "{D7D69771-D417-4B57-8506-CC97E363C538}"
EndProject
Global
	GlobalSection(SolutionConfigurationPlatforms) = preSolution
		Debug|Any CPU = Debug|Any CPU
		Release|Any CPU = Release|Any CPU
	EndGlobalSection
	GlobalSection(ProjectConfigurationPlatforms) = postSolution
		{C5B3B188-54A3-4D24-AF87-05A0ABE49BCC}.Debug|Any CPU.ActiveCfg = Debug|Any CPU
		{C5B3B188-54A3-4D24-AF87-05A0ABE49BCC}.Debug|Any CPU.Build.0 = Debug|Any CPU
		{C5B3B188-54A3-4D24-AF87-05A0ABE49BCC}.Release|Any CPU.ActiveCfg = Release|Any CPU
		{C5B3B188-54A3-4D24-AF87-05A0ABE49BCC}.Release|Any CPU.Build.0 = Release|Any CPU
		{A19E11AA-4ABD-46A2-AD51-4A955FB826B5}.Debug|Any CPU.ActiveCfg = Debug|Any CPU
		{A19E11AA-4ABD-46A2-AD51-4A955FB826B5}.Debug|Any CPU.Build.0 = Debug|Any CPU
		{A19E11AA-4ABD-46A2-AD51-4A955FB826B5}.Release|Any CPU.ActiveCfg = Release|Any CPU
		{A19E11AA-4ABD-46A2-AD51-4A955FB826B5}.Release|Any CPU.Build.0 = Release|Any CPU
		{821DF414-512F-462B-B6D9-92D2C67D8054}.Debug|Any CPU.ActiveCfg = Debug|Any CPU
		{821DF414-512F-462B-B6D9-92D2C67D8054}.Debug|Any CPU.Build.0 = Debug|Any CPU
		{821DF414-512F-462B-B6D9-92D2C67D8054}.Release|Any CPU.ActiveCfg = Release|Any CPU
		{821DF414-512F-462B-B6D9-92D2C67D8054}.Release|Any CPU.Build.0 = Release|Any CPU
		{EA938B88-3B33-43FA-B1D8-D5A8DAF17850}.Debug|Any CPU.ActiveCfg = Debug|Any CPU
		{EA938B88-3B33-43FA-B1D8-D5A8DAF17850}.Debug|Any CPU.Build.0 = Debug|Any CPU
		{EA938B88-3B33-43FA-B1D8-D5A8DAF17850}.Release|Any CPU.ActiveCfg = Release|Any CPU
		{EA938B88-3B33-43FA-B1D8-D5A8DAF17850}.Release|Any CPU.Build.0 = Release|Any CPU
		{F6880DC8-68CA-4292-898E-2EBC370D6CD9}.Debug|Any CPU.ActiveCfg = Debug|Any CPU
		{F6880DC8-68CA-4292-898E-2EBC370D6CD9}.Debug|Any CPU.Build.0 = Debug|Any CPU
		{F6880DC8-68CA-4292-898E-2EBC370D6CD9}.Release|Any CPU.ActiveCfg = Release|Any CPU
		{F6880DC8-68CA-4292-898E-2EBC370D6CD9}.Release|Any CPU.Build.0 = Release|Any CPU
		{D7D69771-D417-4B57-8506-CC97E363C538}.Debug|Any CPU.ActiveCfg = Debug|Any CPU
		{D7D69771-D417-4B57-8506-CC97E363C538}.Debug|Any CPU.Build.0 = Debug|Any CPU
		{D7D69771-D417-4B57-8506-CC97E363C538}.Release|Any CPU.ActiveCfg = Release|Any CPU
		{D7D69771-D417-4B57-8506-CC97E363C538}.Release|Any CPU.Build.0 = Release|Any CPU
	EndGlobalSection
	GlobalSection(SolutionProperties) = preSolution
		HideSolutionNode = FALSE
	EndGlobalSection
	GlobalSection(ExtensibilityGlobals) = postSolution
		SolutionGuid = {5A4C56DF-71F6-4F32-B08C-0917AAEEC301}
	EndGlobalSection
EndGlobal
